Microsoft Visual Studio Solution File, Format Version 12.00
# Visual Studio 2012
Project("{FAE04EC0-301F-11D3-BF4B-00C04F79EFBC}") = "Squash the Creeps (3D)", "Squash the Creeps (3D).csproj", "{12E61E07-4295-4486-A771-E17BC5BFC0FB}"
EndProject
Global
	GlobalSection(SolutionConfigurationPlatforms) = preSolution
	Debug|Any CPU = Debug|Any CPU
	ExportDebug|Any CPU = ExportDebug|Any CPU
	ExportRelease|Any CPU = ExportRelease|Any CPU
	EndGlobalSection
	GlobalSection(ProjectConfigurationPlatforms) = postSolution
		{12E61E07-4295-4486-A771-E17BC5BFC0FB}.Debug|Any CPU.ActiveCfg = Debug|Any CPU
		{12E61E07-4295-4486-A771-E17BC5BFC0FB}.Debug|Any CPU.Build.0 = Debug|Any CPU
		{12E61E07-4295-4486-A771-E17BC5BFC0FB}.ExportDebug|Any CPU.ActiveCfg = ExportDebug|Any CPU
		{12E61E07-4295-4486-A771-E17BC5BFC0FB}.ExportDebug|Any CPU.Build.0 = ExportDebug|Any CPU
		{12E61E07-4295-4486-A771-E17BC5BFC0FB}.ExportRelease|Any CPU.ActiveCfg = ExportRelease|Any CPU
		{12E61E07-4295-4486-A771-E17BC5BFC0FB}.ExportRelease|Any CPU.Build.0 = ExportRelease|Any CPU
	EndGlobalSection
EndGlobal
